
Microsoft Visual Studio Solution File, Format Version 12.00
# Visual Studio Version 17
VisualStudioVersion = 17.9.34714.143
MinimumVisualStudioVersion = 10.0.40219.1
Project("{FAE04EC0-301F-11D3-BF4B-00C04F79EFBC}") = "QuickTicketStoreDemo", "QuickTicketStoreDemo.csproj", "{E1A44799-3CEA-4414-BEAE-0746CD9279DC}"
EndProject
Global
	GlobalSection(SolutionConfigurationPlatforms) = preSolution
		Debug|Any CPU = Debug|Any CPU
		Release|Any CPU = Release|Any CPU
	EndGlobalSection
	GlobalSection(ProjectConfigurationPlatforms) = postSolution
		{E1A44799-3CEA-4414-BEAE-0746CD9279DC}.Debug|Any CPU.ActiveCfg = Debug|Any CPU
		{E1A44799-3CEA-4414-BEAE-0746CD9279DC}.Debug|Any CPU.Build.0 = Debug|Any CPU
		{E1A44799-3CEA-4414-BEAE-0746CD9279DC}.Release|Any CPU.ActiveCfg = Release|Any CPU
		{E1A44799-3CEA-4414-BEAE-0746CD9279DC}.Release|Any CPU.Build.0 = Release|Any CPU
	EndGlobalSection
	GlobalSection(SolutionProperties) = preSolution
		HideSolutionNode = FALSE
	EndGlobalSection
	GlobalSection(ExtensibilityGlobals) = postSolution
		SolutionGuid = {2F1946BF-5AED-4347-8F6D-FF8C96D0A3CC}
	EndGlobalSection
EndGlobal
